{
  "pins" : [
    {
      "identity" : "performancebezier",
      "kind" : "remoteSourceControl",
      "location" : "https://github.com/adamwulf/PerformanceBezier",
      "state" : {
        "branch" : "muse",
        "revision" : "4072d7d8f92f14024c10fd31ace352ede8ad0d77"
      }
    },
    {
      "identity" : "swifttoolbox",
      "kind" : "remoteSourceControl",
      "location" : "https://github.com/adamwulf/SwiftToolbox",
      "state" : {
        "branch" : "main",
        "revision" : "48432fcd304cd6acc0fc1fe4b497f61a72f80132"
      }
    }
  ],
  "version" : 2
}
